{
  "requires": true,
  "lockfileVersion": 1,
  "dependencies": {
    "pagarme": {
      "version": "3.1.3",
      "resolved": "https://registry.npmjs.org/pagarme/-/pagarme-3.1.3.tgz",
      "integrity": "sha512-q+zkd89S2EBsUB+Lol+1+SJ5m4koUPK8FBP4r9HT+HLYHVHPybNf3jiOAfh+uIb1yaoFhHXQYSSfTC3lrYCCVw=="
    }
  }
}
